
Microsoft Visual Studio Solution File, Format Version 12.00
# Visual Studio Version 16
VisualStudioVersion = 25.0.1706.12
MinimumVisualStudioVersion = 10.0.40219.1
Project("{FAE04EC0-301F-11D3-BF4B-00C04F79EFBC}") = "BinanceWebSocketTaskConsole", "BinanceWebSocketTaskConsole\BinanceWebSocketTaskConsole.csproj", "{8023449A-D961-4D6D-9B9E-AD01A8F52DB4}"
EndProject
Global
	GlobalSection(SolutionConfigurationPlatforms) = preSolution
		Debug|Any CPU = Debug|Any CPU
		Release|Any CPU = Release|Any CPU
	EndGlobalSection
	GlobalSection(ProjectConfigurationPlatforms) = postSolution
		{8023449A-D961-4D6D-9B9E-AD01A8F52DB4}.Debug|Any CPU.ActiveCfg = Debug|Any CPU
		{8023449A-D961-4D6D-9B9E-AD01A8F52DB4}.Debug|Any CPU.Build.0 = Debug|Any CPU
		{8023449A-D961-4D6D-9B9E-AD01A8F52DB4}.Release|Any CPU.ActiveCfg = Release|Any CPU
		{8023449A-D961-4D6D-9B9E-AD01A8F52DB4}.Release|Any CPU.Build.0 = Release|Any CPU
	EndGlobalSection
	GlobalSection(SolutionProperties) = preSolution
		HideSolutionNode = FALSE
	EndGlobalSection
	GlobalSection(ExtensibilityGlobals) = postSolution
		SolutionGuid = {132A6A30-BC9F-4D08-8CED-BAC8488BB0F8}
	EndGlobalSection
EndGlobal
